<?xml version="1.0" encoding="utf-8"?>
<Project ToolsVersion="4.0" xmlns="http://schemas.microsoft.com/developer/msbuild/2003">
  <ItemGroup>
    <Filter Include="Source Files">
      <UniqueIdentifier>{4FC737F1-C7A5-4376-A066-2A32D752A2FF}</UniqueIdentifier>
      <Extensions>cpp;c;cc;cxx;c++;cppm;ixx;def;odl;idl;hpj;bat;asm;asmx</Extensions>
    </Filter>
    <Filter Include="Header Files">
      <UniqueIdentifier>{93995380-89BD-4b04-88EB-625FBE52EBFB}</UniqueIdentifier>
      <Extensions>h;hh;hpp;hxx;h++;hm;inl;inc;ipp;xsd</Extensions>
    </Filter>
    <Filter Include="Resource Files">
      <UniqueIdentifier>{67DA6AB6-F800-4c08-8B7A-83BB121AAD01}</UniqueIdentifier>
      <Extensions>rc;ico;cur;bmp;dlg;rc2;rct;bin;rgs;gif;jpg;jpeg;jpe;resx;tiff;tif;png;wav;mfcribbon-ms</Extensions>
    </Filter>
    <Filter Include="Header Files\InputDevice">
      <UniqueIdentifier>{de56ec1f-4691-4690-a059-99b1c278bb77}</UniqueIdentifier>
    </Filter>
    <Filter Include="Source Files\InputDevice">
      <UniqueIdentifier>{a80c0e0f-7d84-4aa3-8436-3293551329fc}</UniqueIdentifier>
    </Filter>
    <Filter Include="Header Files\ECS">
      <UniqueIdentifier>{f0473169-369e-40b7-971e-408a8c01f098}</UniqueIdentifier>
    </Filter>
    <Filter Include="Header Files\CustomObjects">
      <UniqueIdentifier>{7cfd5bb4-d2cf-4a71-bcde-7e661f35a87e}</UniqueIdentifier>
    </Filter>
    <Filter Include="Shader Files">
      <UniqueIdentifier>{e0f70e13-11ac-4896-9193-bbf1a6cd8cd1}</UniqueIdentifier>
    </Filter>
    <Filter Include="Header Files\ResourceManager">
      <UniqueIdentifier>{d55bd322-621e-4bb5-842f-45f5e3f1999e}</UniqueIdentifier>
    </Filter>
    <Filter Include="Source Files\ResorceManager">
      <UniqueIdentifier>{70c99a99-9064-42fd-bdde-a7a08fbbf02d}</UniqueIdentifier>
    </Filter>
    <Filter Include="Source Files\ECS">
      <UniqueIdentifier>{02149e69-40a0-422d-8a04-b432c570e845}</UniqueIdentifier>
    </Filter>
    <Filter Include="Source Files\ECS\Component">
      <UniqueIdentifier>{1320b5e8-6f38-40f3-a9b7-1bda4089bacd}</UniqueIdentifier>
    </Filter>
    <Filter Include="Source Files\ResorceManager\Resources">
      <UniqueIdentifier>{ed5e96b2-4dfd-46ea-8e2d-2e9a1cbd6c5f}</UniqueIdentifier>
    </Filter>
    <Filter Include="Header Files\ResourceManager\Resources">
      <UniqueIdentifier>{eedd5a5c-f590-4136-a2ff-563a4d73fbd3}</UniqueIdentifier>
    </Filter>
    <Filter Include="Header Files\ECS\Components">
      <UniqueIdentifier>{1b57cb65-6f8f-40b7-93f8-dda7356eec79}</UniqueIdentifier>
    </Filter>
    <Filter Include="Header Files\ECS\Entities">
      <UniqueIdentifier>{51869b83-85df-4b67-8985-81fee0598043}</UniqueIdentifier>
    </Filter>
    <Filter Include="Source Files\ECS\Entities">
      <UniqueIdentifier>{0a220608-2483-4b02-91e0-6e56b89dc287}</UniqueIdentifier>
    </Filter>
    <Filter Include="Header Files\ECS\Systems">
      <UniqueIdentifier>{df96f85a-1992-4940-9a25-0d9c8c056390}</UniqueIdentifier>
    </Filter>
    <Filter Include="Source Files\ECS\Systems">
      <UniqueIdentifier>{446223d6-899d-4057-853b-8261e0aa6b2f}</UniqueIdentifier>
    </Filter>
  </ItemGroup>
  <ItemGroup>
    <ClInclude Include="Scene.h">
      <Filter>Header Files</Filter>
    </ClInclude>
    <ClInclude Include="Game.h">
      <Filter>Header Files</Filter>
    </ClInclude>
    <ClInclude Include="GameTimer.h">
      <Filter>Header Files</Filter>
    </ClInclude>
    <ClInclude Include="DisplayWindow.h">
      <Filter>Header Files</Filter>
    </ClInclude>
    <ClInclude Include="InputDevice\Delegates.h">
      <Filter>Header Files\InputDevice</Filter>
    </ClInclude>
    <ClInclude Include="InputDevice\InputDevice.h">
      <Filter>Header Files\InputDevice</Filter>
    </ClInclude>
    <ClInclude Include="InputDevice\Keys.h">
      <Filter>Header Files\InputDevice</Filter>
    </ClInclude>
    <ClInclude Include="StringHelper.h">
      <Filter>Header Files</Filter>
    </ClInclude>
    <ClInclude Include="ResourceManager\Resources\ConstantBuffer.h">
      <Filter>Header Files\ResourceManager\Resources</Filter>
    </ClInclude>
    <ClInclude Include="ResourceManager\Resources\Mesh.h">
      <Filter>Header Files\ResourceManager\Resources</Filter>
    </ClInclude>
    <ClInclude Include="ResourceManager\Resources\PixelShader.h">
      <Filter>Header Files\ResourceManager\Resources</Filter>
    </ClInclude>
    <ClInclude Include="ResourceManager\Resources\Resource.h">
      <Filter>Header Files\ResourceManager\Resources</Filter>
    </ClInclude>
    <ClInclude Include="ResourceManager\Resources\Texture.h">
      <Filter>Header Files\ResourceManager\Resources</Filter>
    </ClInclude>
    <ClInclude Include="ResourceManager\Resources\TransformCBuffer.h">
      <Filter>Header Files\ResourceManager\Resources</Filter>
    </ClInclude>
    <ClInclude Include="ResourceManager\Resources\VertexShader.h">
      <Filter>Header Files\ResourceManager\Resources</Filter>
    </ClInclude>
    <ClInclude Include="ResourceManager\ResourceManager.h">
      <Filter>Header Files\ResourceManager</Filter>
    </ClInclude>
    <ClInclude Include="ECS\Components\Component.h">
      <Filter>Header Files\ECS\Components</Filter>
    </ClInclude>
    <ClInclude Include="ECS\Components\RenderComponent.h">
      <Filter>Header Files\ECS\Components</Filter>
    </ClInclude>
    <ClInclude Include="ECS\Components\TransformComponent.h">
      <Filter>Header Files\ECS\Components</Filter>
    </ClInclude>
    <ClInclude Include="ECS\Entities\Camera.h">
      <Filter>Header Files\ECS\Entities</Filter>
    </ClInclude>
    <ClInclude Include="ECS\Entities\CustomEntity.h">
      <Filter>Header Files\ECS\Entities</Filter>
    </ClInclude>
    <ClInclude Include="ECS\Entities\Entity.h">
      <Filter>Header Files\ECS\Entities</Filter>
    </ClInclude>
    <ClInclude Include="ECS\Entities\PlaneEntity.h">
      <Filter>Header Files\ECS\Entities</Filter>
    </ClInclude>
    <ClInclude Include="ECS\Entities\SimpleEntity.h">
      <Filter>Header Files\ECS\Entities</Filter>
    </ClInclude>
    <ClInclude Include="ECS\Systems\RenderSystem.h">
      <Filter>Header Files\ECS\Systems</Filter>
    </ClInclude>
    <ClInclude Include="ECS\Components\LuaScriptComponent.h">
      <Filter>Header Files\ECS\Components</Filter>
    </ClInclude>
    <ClInclude Include="ECS\Systems\ScriptingSystem.h">
      <Filter>Header Files\ECS\Systems</Filter>
    </ClInclude>
  </ItemGroup>
  <ItemGroup>
    <ClCompile Include="Scene.cpp">
      <Filter>Source Files</Filter>
    </ClCompile>
    <ClCompile Include="Game.cpp">
      <Filter>Source Files</Filter>
    </ClCompile>
    <ClCompile Include="GameTimer.cpp">
      <Filter>Source Files</Filter>
    </ClCompile>
    <ClCompile Include="DisplayWindow.cpp">
      <Filter>Source Files</Filter>
    </ClCompile>
    <ClCompile Include="main.cpp">
      <Filter>Source Files</Filter>
    </ClCompile>
    <ClCompile Include="InputDevice\Delegates.cpp">
      <Filter>Source Files\InputDevice</Filter>
    </ClCompile>
    <ClCompile Include="InputDevice\InputDevice.cpp">
      <Filter>Source Files\InputDevice</Filter>
    </ClCompile>
    <ClCompile Include="ResourceManager\Resources\Mesh.cpp">
      <Filter>Source Files\ResorceManager\Resources</Filter>
    </ClCompile>
    <ClCompile Include="ResourceManager\Resources\PixelShader.cpp">
      <Filter>Source Files\ResorceManager\Resources</Filter>
    </ClCompile>
    <ClCompile Include="ResourceManager\Resources\Resource.cpp">
      <Filter>Source Files\ResorceManager\Resources</Filter>
    </ClCompile>
    <ClCompile Include="ResourceManager\Resources\Texture.cpp">
      <Filter>Source Files\ResorceManager\Resources</Filter>
    </ClCompile>
    <ClCompile Include="ResourceManager\Resources\TransformCBuffer.cpp">
      <Filter>Source Files\ResorceManager\Resources</Filter>
    </ClCompile>
    <ClCompile Include="ResourceManager\Resources\VertexShader.cpp">
      <Filter>Source Files\ResorceManager\Resources</Filter>
    </ClCompile>
    <ClCompile Include="ResourceManager\ResourceManager.cpp">
      <Filter>Source Files\ResorceManager</Filter>
    </ClCompile>
    <ClCompile Include="ECS\Components\Component.cpp">
      <Filter>Source Files\ECS\Component</Filter>
    </ClCompile>
    <ClCompile Include="ECS\Components\RenderComponent.cpp">
      <Filter>Source Files\ECS\Component</Filter>
    </ClCompile>
    <ClCompile Include="ECS\Components\TransformComponent.cpp">
      <Filter>Source Files\ECS\Component</Filter>
    </ClCompile>
    <ClCompile Include="ECS\Entities\Camera.cpp">
      <Filter>Source Files\ECS\Entities</Filter>
    </ClCompile>
    <ClCompile Include="ECS\Entities\CustomEntity.cpp">
      <Filter>Source Files\ECS\Entities</Filter>
    </ClCompile>
    <ClCompile Include="ECS\Entities\Entity.cpp">
      <Filter>Source Files\ECS\Entities</Filter>
    </ClCompile>
    <ClCompile Include="ECS\Entities\PlaneEntity.cpp">
      <Filter>Source Files\ECS\Entities</Filter>
    </ClCompile>
    <ClCompile Include="ECS\Entities\SimpleEntity.cpp">
      <Filter>Source Files\ECS\Entities</Filter>
    </ClCompile>
    <ClCompile Include="ECS\Systems\RenderSystem.cpp">
      <Filter>Source Files\ECS\Systems</Filter>
    </ClCompile>
    <ClCompile Include="ECS\Components\LuaScriptComponent.cpp">
      <Filter>Source Files\ECS\Component</Filter>
    </ClCompile>
  </ItemGroup>
  <ItemGroup>
    <FxCompile Include="Shaders\Cube_PShader.hlsl">
      <Filter>Shader Files</Filter>
    </FxCompile>
    <FxCompile Include="Shaders\Cube_VShader.hlsl">
      <Filter>Shader Files</Filter>
    </FxCompile>
    <FxCompile Include="Shaders\Custom_PShader.hlsl">
      <Filter>Shader Files</Filter>
    </FxCompile>
    <FxCompile Include="Shaders\Custom_VShader.hlsl">
      <Filter>Shader Files</Filter>
    </FxCompile>
  </ItemGroup>
</Project>